
Microsoft Visual Studio Solution File, Format Version 12.00
# Visual Studio 2012
Project("{FAE04EC0-301F-11D3-BF4B-00C04F79EFBC}") = "Caravans.API", "Caravans.API\Caravans.API.csproj", "{1CC2BB4E-B619-46DA-BD31-45777CCA9873}"
EndProject
Project("{E24C65DC-7377-472B-9ABA-BC803B73C61A}") = "Caravans.UI", "http://localhost:52556", "{F0DDD796-6BFD-40B0-A010-109721739A43}"
	ProjectSection(WebsiteProperties) = preProject
		UseIISExpress = "true"
		TargetFrameworkMoniker = ".NETFramework,Version%3Dv4.5"
		Debug.AspNetCompiler.VirtualPath = "/localhost_52556"
		Debug.AspNetCompiler.PhysicalPath = "Caravans.UI\"
		Debug.AspNetCompiler.TargetPath = "PrecompiledWeb\localhost_52556\"
		Debug.AspNetCompiler.Updateable = "true"
		Debug.AspNetCompiler.ForceOverwrite = "true"
		Debug.AspNetCompiler.FixedNames = "false"
		Debug.AspNetCompiler.Debug = "True"
		Release.AspNetCompiler.VirtualPath = "/localhost_52556"
		Release.AspNetCompiler.PhysicalPath = "Caravans.UI\"
		Release.AspNetCompiler.TargetPath = "PrecompiledWeb\localhost_52556\"
		Release.AspNetCompiler.Updateable = "true"
		Release.AspNetCompiler.ForceOverwrite = "true"
		Release.AspNetCompiler.FixedNames = "false"
		Release.AspNetCompiler.Debug = "False"
		SlnRelativePath = "Caravans.UI\"
		DefaultWebSiteLanguage = "Visual C#"
	EndProjectSection
EndProject
Global
	GlobalSection(SolutionConfigurationPlatforms) = preSolution
		Debug|Any CPU = Debug|Any CPU
		Release|Any CPU = Release|Any CPU
	EndGlobalSection
	GlobalSection(ProjectConfigurationPlatforms) = postSolution
		{1CC2BB4E-B619-46DA-BD31-45777CCA9873}.Debug|Any CPU.ActiveCfg = Debug|Any CPU
		{1CC2BB4E-B619-46DA-BD31-45777CCA9873}.Debug|Any CPU.Build.0 = Debug|Any CPU
		{1CC2BB4E-B619-46DA-BD31-45777CCA9873}.Release|Any CPU.ActiveCfg = Release|Any CPU
		{1CC2BB4E-B619-46DA-BD31-45777CCA9873}.Release|Any CPU.Build.0 = Release|Any CPU
		{F0DDD796-6BFD-40B0-A010-109721739A43}.Debug|Any CPU.ActiveCfg = Debug|Any CPU
		{F0DDD796-6BFD-40B0-A010-109721739A43}.Debug|Any CPU.Build.0 = Debug|Any CPU
		{F0DDD796-6BFD-40B0-A010-109721739A43}.Release|Any CPU.ActiveCfg = Debug|Any CPU
		{F0DDD796-6BFD-40B0-A010-109721739A43}.Release|Any CPU.Build.0 = Debug|Any CPU
	EndGlobalSection
	GlobalSection(SolutionProperties) = preSolution
		HideSolutionNode = FALSE
	EndGlobalSection
EndGlobal
